// !$*UTF8*$!
{
	archiveVersion = 1;
	classes = {
	};
	objectVersion = 48;
	objects = {

/* Begin PBXBuildFile section */
		2A0C1FA01FF4C817001425F5 /* Const.swift in Sources */ = {isa = PBXBuildFile; fileRef = 2A0C1F9F1FF4C817001425F5 /* Const.swift */; };
		2A384A811FF2122E00879874 /* AppDelegate.swift in Sources */ = {isa = PBXBuildFile; fileRef = 2A384A801FF2122E00879874 /* AppDelegate.swift */; };
		2A384A831FF2122E00879874 /* ViewController.swift in Sources */ = {isa = PBXBuildFile; fileRef = 2A384A821FF2122E00879874 /* ViewController.swift */; };
		2A384A861FF2122E00879874 /* Main.storyboard in Resources */ = {isa = PBXBuildFile; fileRef = 2A384A841FF2122E00879874 /* Main.storyboard */; };
		2A384A881FF2122E00879874 /* Assets.xcassets in Resources */ = {isa = PBXBuildFile; fileRef = 2A384A871FF2122E00879874 /* Assets.xcassets */; };
		2A384A8B1FF2122E00879874 /* LaunchScreen.storyboard in Resources */ = {isa = PBXBuildFile; fileRef = 2A384A891FF2122E00879874 /* LaunchScreen.storyboard */; };
		2A384AB71FF2165100879874 /* LoginViewController.swift in Sources */ = {isa = PBXBuildFile; fileRef = 2A384AB61FF2165100879874 /* LoginViewController.swift */; };
		2A384AB91FF2166E00879874 /* HomeViewController.swift in Sources */ = {isa = PBXBuildFile; fileRef = 2A384AB81FF2166E00879874 /* HomeViewController.swift */; };
		2A384ABB1FF2169400879874 /* ImageSelectViewController.swift in Sources */ = {isa = PBXBuildFile; fileRef = 2A384ABA1FF2169400879874 /* ImageSelectViewController.swift */; };
		2A384ABD1FF216D800879874 /* PostViewController.swift in Sources */ = {isa = PBXBuildFile; fileRef = 2A384ABC1FF216D800879874 /* PostViewController.swift */; };
		2A384ABF1FF216ED00879874 /* SettingViewController.swift in Sources */ = {isa = PBXBuildFile; fileRef = 2A384ABE1FF216ED00879874 /* SettingViewController.swift */; };
		2A62AF851FF3394D002DF4FA /* GoogleService-Info.plist in Resources */ = {isa = PBXBuildFile; fileRef = 2A62AF841FF3394D002DF4FA /* GoogleService-Info.plist */; };
		E78EE16159A5FBFE7EA6FCD1 /* Pods_Instagram.framework in Frameworks */ = {isa = PBXBuildFile; fileRef = 40327DE2926BEFAE0685DC35 /* Pods_Instagram.framework */; };
/* End PBXBuildFile section */

/* Begin PBXFileReference section */
		2A0C1F9F1FF4C817001425F5 /* Const.swift */ = {isa = PBXFileReference; lastKnownFileType = sourcecode.swift; path = Const.swift; sourceTree = "<group>"; };
		2A384A7D1FF2122E00879874 /* Instagram.app */ = {isa = PBXFileReference; explicitFileType = wrapper.application; includeInIndex = 0; path = Instagram.app; sourceTree = BUILT_PRODUCTS_DIR; };
		2A384A801FF2122E00879874 /* AppDelegate.swift */ = {isa = PBXFileReference; lastKnownFileType = sourcecode.swift; path = AppDelegate.swift; sourceTree = "<group>"; };
		2A384A821FF2122E00879874 /* ViewController.swift */ = {isa = PBXFileReference; lastKnownFileType = sourcecode.swift; path = ViewController.swift; sourceTree = "<group>"; };
		2A384A851FF2122E00879874 /* Base */ = {isa = PBXFileReference; lastKnownFileType = file.storyboard; name = Base; path = Base.lproj/Main.storyboard; sourceTree = "<group>"; };
		2A384A871FF2122E00879874 /* Assets.xcassets */ = {isa = PBXFileReference; lastKnownFileType = folder.assetcatalog; path = Assets.xcassets; sourceTree = "<group>"; };
		2A384A8A1FF2122E00879874 /* Base */ = {isa = PBXFileReference; lastKnownFileType = file.storyboard; name = Base; path = Base.lproj/LaunchScreen.storyboard; sourceTree = "<group>"; };
		2A384A8C1FF2122E00879874 /* Info.plist */ = {isa = PBXFileReference; lastKnownFileType = text.plist.xml; path = Info.plist; sourceTree = "<group>"; };
		2A384AB61FF2165100879874 /* LoginViewController.swift */ = {isa = PBXFileReference; lastKnownFileType = sourcecode.swift; path = LoginViewController.swift; sourceTree = "<group>"; };
		2A384AB81FF2166E00879874 /* HomeViewController.swift */ = {isa = PBXFileReference; lastKnownFileType = sourcecode.swift; path = HomeViewController.swift; sourceTree = "<group>"; };
		2A384ABA1FF2169400879874 /* ImageSelectViewController.swift */ = {isa = PBXFileReference; lastKnownFileType = sourcecode.swift; path = ImageSelectViewController.swift; sourceTree = "<group>"; };
		2A384ABC1FF216D800879874 /* PostViewController.swift */ = {isa = PBXFileReference; lastKnownFileType = sourcecode.swift; path = PostViewController.swift; sourceTree = "<group>"; };
		2A384ABE1FF216ED00879874 /* SettingViewController.swift */ = {isa = PBXFileReference; lastKnownFileType = sourcecode.swift; path = SettingViewController.swift; sourceTree = "<group>"; };
		2A62AF841FF3394D002DF4FA /* GoogleService-Info.plist */ = {isa = PBXFileReference; fileEncoding = 4; lastKnownFileType = text.plist.xml; path = "GoogleService-Info.plist"; sourceTree = "<group>"; };
		40327DE2926BEFAE0685DC35 /* Pods_Instagram.framework */ = {isa = PBXFileReference; explicitFileType = wrapper.framework; includeInIndex = 0; path = Pods_Instagram.framework; sourceTree = BUILT_PRODUCTS_DIR; };
		8DAA4F70E6F9DE2ECCA949E3 /* Pods-Instagram.release.xcconfig */ = {isa = PBXFileReference; includeInIndex = 1; lastKnownFileType = text.xcconfig; name = "Pods-Instagram.release.xcconfig"; path = "Pods/Target Support Files/Pods-Instagram/Pods-Instagram.release.xcconfig"; sourceTree = "<group>"; };
		8FBA8C15BB0FBA9EB7D291D7 /* Pods-Instagram.debug.xcconfig */ = {isa = PBXFileReference; includeInIndex = 1; lastKnownFileType = text.xcconfig; name = "Pods-Instagram.debug.xcconfig"; path = "Pods/Target Support Files/Pods-Instagram/Pods-Instagram.debug.xcconfig"; sourceTree = "<group>"; };
/* End PBXFileReference section */

/* Begin PBXFrameworksBuildPhase section */
		2A384A7A1FF2122E00879874 /* Frameworks */ = {
			isa = PBXFrameworksBuildPhase;
			buildActionMask = 2147483647;
			files = (
				E78EE16159A5FBFE7EA6FCD1 /* Pods_Instagram.framework in Frameworks */,
			);
			runOnlyForDeploymentPostprocessing = 0;
		};
/* End PBXFrameworksBuildPhase section */

/* Begin PBXGroup section */
		2A384A741FF2122E00879874 = {
			isa = PBXGroup;
			children = (
				2A384A7F1FF2122E00879874 /* Instagram */,
				2A384A7E1FF2122E00879874 /* Products */,
				C8DF0AB61CCF2042EAD58B77 /* Pods */,
				EC03644112ECDAB99D97BD93 /* Frameworks */,
			);
			sourceTree = "<group>";
		};
		2A384A7E1FF2122E00879874 /* Products */ = {
			isa = PBXGroup;
			children = (
				2A384A7D1FF2122E00879874 /* Instagram.app */,
			);
			name = Products;
			sourceTree = "<group>";
		};
		2A384A7F1FF2122E00879874 /* Instagram */ = {
			isa = PBXGroup;
			children = (
				2A384A801FF2122E00879874 /* AppDelegate.swift */,
				2A384A821FF2122E00879874 /* ViewController.swift */,
				2A384AB61FF2165100879874 /* LoginViewController.swift */,
				2A384AB81FF2166E00879874 /* HomeViewController.swift */,
				2A384ABA1FF2169400879874 /* ImageSelectViewController.swift */,
				2A384ABC1FF216D800879874 /* PostViewController.swift */,
				2A384ABE1FF216ED00879874 /* SettingViewController.swift */,
				2A0C1F9F1FF4C817001425F5 /* Const.swift */,
				2A384A841FF2122E00879874 /* Main.storyboard */,
				2A384A871FF2122E00879874 /* Assets.xcassets */,
				2A384A891FF2122E00879874 /* LaunchScreen.storyboard */,
				2A384A8C1FF2122E00879874 /* Info.plist */,
				2A62AF841FF3394D002DF4FA /* GoogleService-Info.plist */,
			);
			path = Instagram;
			sourceTree = "<group>";
		};
		C8DF0AB61CCF2042EAD58B77 /* Pods */ = {
			isa = PBXGroup;
			children = (
				8FBA8C15BB0FBA9EB7D291D7 /* Pods-Instagram.debug.xcconfig */,
				8DAA4F70E6F9DE2ECCA949E3 /* Pods-Instagram.release.xcconfig */,
			);
			name = Pods;
			sourceTree = "<group>";
		};
		EC03644112ECDAB99D97BD93 /* Frameworks */ = {
			isa = PBXGroup;
			children = (
				40327DE2926BEFAE0685DC35 /* Pods_Instagram.framework */,
			);
			name = Frameworks;
			sourceTree = "<group>";
		};
/* End PBXGroup section */

/* Begin PBXNativeTarget section */
		2A384A7C1FF2122E00879874 /* Instagram */ = {
			isa = PBXNativeTarget;
			buildConfigurationList = 2A384A8F1FF2122E00879874 /* Build configuration list for PBXNativeTarget "Instagram" */;
			buildPhases = (
				9BDF26F90BAB7416C3A8B291 /* [CP] Check Pods Manifest.lock */,
				2A384A791FF2122E00879874 /* Sources */,
				2A384A7A1FF2122E00879874 /* Frameworks */,
				2A384A7B1FF2122E00879874 /* Resources */,
				5A2370300A36BE99198AB6F1 /* [CP] Embed Pods Frameworks */,
				993EE0731A9F9280E8B5416C /* [CP] Copy Pods Resources */,
			);
			buildRules = (
			);
			dependencies = (
			);
			name = Instagram;
			productName = Instagram;
			productReference = 2A384A7D1FF2122E00879874 /* Instagram.app */;
			productType = "com.apple.product-type.application";
		};
/* End PBXNativeTarget section */

/* Begin PBXProject section */
		2A384A751FF2122E00879874 /* Project object */ = {
			isa = PBXProject;
			attributes = {
				LastSwiftUpdateCheck = 0920;
				LastUpgradeCheck = 0920;
				ORGANIZATIONNAME = ryoutarou.akou;
				TargetAttributes = {
					2A384A7C1FF2122E00879874 = {
						CreatedOnToolsVersion = 9.2;
						ProvisioningStyle = Automatic;
					};
				};
			};
			buildConfigurationList = 2A384A781FF2122E00879874 /* Build configuration list for PBXProject "Instagram" */;
			compatibilityVersion = "Xcode 8.0";
			developmentRegion = en;
			hasScannedForEncodings = 0;
			knownRegions = (
				en,
				Base,
			);
			mainGroup = 2A384A741FF2122E00879874;
			productRefGroup = 2A384A7E1FF2122E00879874 /* Products */;
			projectDirPath = "";
			projectRoot = "";
			targets = (
				2A384A7C1FF2122E00879874 /* Instagram */,
			);
		};
/* End PBXProject section */

/* Begin PBXResourcesBuildPhase section */
		2A384A7B1FF2122E00879874 /* Resources */ = {
			isa = PBXResourcesBuildPhase;
			buildActionMask = 2147483647;
			files = (
				2A384A8B1FF2122E00879874 /* LaunchScreen.storyboard in Resources */,
				2A62AF851FF3394D002DF4FA /* GoogleService-Info.plist in Resources */,
				2A384A881FF2122E00879874 /* Assets.xcassets in Resources */,
				2A384A861FF2122E00879874 /* Main.storyboard in Resources */,
			);
			runOnlyForDeploymentPostprocessing = 0;
		};
/* End PBXResourcesBuildPhase section */

/* Begin PBXShellScriptBuildPhase section */
		5A2370300A36BE99198AB6F1 /* [CP] Embed Pods Frameworks */ = {
			isa = PBXShellScriptBuildPhase;
			buildActionMask = 2147483647;
			files = (
			);
			inputPaths = (
			);
			name = "[CP] Embed Pods Frameworks";
			outputPaths = (
			);
			runOnlyForDeploymentPostprocessing = 0;
			shellPath = /bin/sh;
			shellScript = "\"${SRCROOT}/Pods/Target Support Files/Pods-Instagram/Pods-Instagram-frameworks.sh\"\n";
			showEnvVarsInLog = 0;
		};
		993EE0731A9F9280E8B5416C /* [CP] Copy Pods Resources */ = {
			isa = PBXShellScriptBuildPhase;
			buildActionMask = 2147483647;
			files = (
			);
			inputPaths = (
			);
			name = "[CP] Copy Pods Resources";
			outputPaths = (
			);
			runOnlyForDeploymentPostprocessing = 0;
			shellPath = /bin/sh;
			shellScript = "\"${SRCROOT}/Pods/Target Support Files/Pods-Instagram/Pods-Instagram-resources.sh\"\n";
			showEnvVarsInLog = 0;
		};
		9BDF26F90BAB7416C3A8B291 /* [CP] Check Pods Manifest.lock */ = {
			isa = PBXShellScriptBuildPhase;
			buildActionMask = 2147483647;
			files = (
			);
			inputPaths = (
			);
			name = "[CP] Check Pods Manifest.lock";
			outputPaths = (
			);
			runOnlyForDeploymentPostprocessing = 0;
			shellPath = /bin/sh;
			shellScript = "diff \"${PODS_ROOT}/../Podfile.lock\" \"${PODS_ROOT}/Manifest.lock\" > /dev/null\nif [ $? != 0 ] ; then\n    # print error to STDERR\n    echo \"error: The sandbox is not in sync with the Podfile.lock. Run 'pod install' or update your CocoaPods installation.\" >&2\n    exit 1\nfi\n";
			showEnvVarsInLog = 0;
		};
/* End PBXShellScriptBuildPhase section */

/* Begin PBXSourcesBuildPhase section */
		2A384A791FF2122E00879874 /* Sources */ = {
			isa = PBXSourcesBuildPhase;
			buildActionMask = 2147483647;
			files = (
				2A384ABD1FF216D800879874 /* PostViewController.swift in Sources */,
				2A384AB71FF2165100879874 /* LoginViewController.swift in Sources */,
				2A384A831FF2122E00879874 /* ViewController.swift in Sources */,
				2A384A811FF2122E00879874 /* AppDelegate.swift in Sources */,
				2A384ABB1FF2169400879874 /* ImageSelectViewController.swift in Sources */,
				2A0C1FA01FF4C817001425F5 /* Const.swift in Sources */,
				2A384ABF1FF216ED00879874 /* SettingViewController.swift in Sources */,
				2A384AB91FF2166E00879874 /* HomeViewController.swift in Sources */,
			);
			runOnlyForDeploymentPostprocessing = 0;
		};
/* End PBXSourcesBuildPhase section */

/* Begin PBXVariantGroup section */
		2A384A841FF2122E00879874 /* Main.storyboard */ = {
			isa = PBXVariantGroup;
			children = (
				2A384A851FF2122E00879874 /* Base */,
			);
			name = Main.storyboard;
			sourceTree = "<group>";
		};
		2A384A891FF2122E00879874 /* LaunchScreen.storyboard */ = {
			isa = PBXVariantGroup;
			children = (
				2A384A8A1FF2122E00879874 /* Base */,
			);
			name = LaunchScreen.storyboard;
			sourceTree = "<group>";
		};
/* End PBXVariantGroup section */

/* Begin XCBuildConfiguration section */
		2A384A8D1FF2122E00879874 /* Debug */ = {
			isa = XCBuildConfiguration;
			buildSettings = {
				ALWAYS_SEARCH_USER_PATHS = NO;
				CLANG_ANALYZER_NONNULL = YES;
				CLANG_ANALYZER_NUMBER_OBJECT_CONVERSION = YES_AGGRESSIVE;
				CLANG_CXX_LANGUAGE_STANDARD = "gnu++14";
				CLANG_CXX_LIBRARY = "libc++";
				CLANG_ENABLE_MODULES = YES;
				CLANG_ENABLE_OBJC_ARC = YES;
				CLANG_WARN_BLOCK_CAPTURE_AUTORELEASING = YES;
				CLANG_WARN_BOOL_CONVERSION = YES;
				CLANG_WARN_COMMA = YES;
				CLANG_WARN_CONSTANT_CONVERSION = YES;
				CLANG_WARN_DIRECT_OBJC_ISA_USAGE = YES_ERROR;
				CLANG_WARN_DOCUMENTATION_COMMENTS = YES;
				CLANG_WARN_EMPTY_BODY = YES;
				CLANG_WARN_ENUM_CONVERSION = YES;
				CLANG_WARN_INFINITE_RECURSION = YES;
				CLANG_WARN_INT_CONVERSION = YES;
				CLANG_WARN_NON_LITERAL_NULL_CONVERSION = YES;
				CLANG_WARN_OBJC_LITERAL_CONVERSION = YES;
				CLANG_WARN_OBJC_ROOT_CLASS = YES_ERROR;
				CLANG_WARN_RANGE_LOOP_ANALYSIS = YES;
				CLANG_WARN_STRICT_PROTOTYPES = YES;
				CLANG_WARN_SUSPICIOUS_MOVE = YES;
				CLANG_WARN_UNGUARDED_AVAILABILITY = YES_AGGRESSIVE;
				CLANG_WARN_UNREACHABLE_CODE = YES;
				CLANG_WARN__DUPLICATE_METHOD_MATCH = YES;
				CODE_SIGN_IDENTITY = "iPhone Developer";
				COPY_PHASE_STRIP = NO;
				DEBUG_INFORMATION_FORMAT = dwarf;
				ENABLE_STRICT_OBJC_MSGSEND = YES;
				ENABLE_TESTABILITY = YES;
				GCC_C_LANGUAGE_STANDARD = gnu11;
				GCC_DYNAMIC_NO_PIC = NO;
				GCC_NO_COMMON_BLOCKS = YES;
				GCC_OPTIMIZATION_LEVEL = 0;
				GCC_PREPROCESSOR_DEFINITIONS = (
					"DEBUG=1",
					"$(inherited)",
				);
				GCC_WARN_64_TO_32_BIT_CONVERSION = YES;
				GCC_WARN_ABOUT_RETURN_TYPE = YES_ERROR;
				GCC_WARN_UNDECLARED_SELECTOR = YES;
				GCC_WARN_UNINITIALIZED_AUTOS = YES_AGGRESSIVE;
				GCC_WARN_UNUSED_FUNCTION = YES;
				GCC_WARN_UNUSED_VARIABLE = YES;
				IPHONEOS_DEPLOYMENT_TARGET = 11.2;
				MTL_ENABLE_DEBUG_INFO = YES;
				ONLY_ACTIVE_ARCH = YES;
				SDKROOT = iphoneos;
				SWIFT_ACTIVE_COMPILATION_CONDITIONS = DEBUG;
				SWIFT_OPTIMIZATION_LEVEL = "-Onone";
			};
			name = Debug;
		};
		2A384A8E1FF2122E00879874 /* Release */ = {
			isa = XCBuildConfiguration;
			buildSettings = {
				ALWAYS_SEARCH_USER_PATHS = NO;
				CLANG_ANALYZER_NONNULL = YES;
				CLANG_ANALYZER_NUMBER_OBJECT_CONVERSION = YES_AGGRESSIVE;
				CLANG_CXX_LANGUAGE_STANDARD = "gnu++14";
				CLANG_CXX_LIBRARY = "libc++";
				CLANG_ENABLE_MODULES = YES;
				CLANG_ENABLE_OBJC_ARC = YES;
				CLANG_WARN_BLOCK_CAPTURE_AUTORELEASING = YES;
				CLANG_WARN_BOOL_CONVERSION = YES;
				CLANG_WARN_COMMA = YES;
				CLANG_WARN_CONSTANT_CONVERSION = YES;
				CLANG_WARN_DIRECT_OBJC_ISA_USAGE = YES_ERROR;
				CLANG_WARN_DOCUMENTATION_COMMENTS = YES;
				CLANG_WARN_EMPTY_BODY = YES;
				CLANG_WARN_ENUM_CONVERSION = YES;
				CLANG_WARN_INFINITE_RECURSION = YES;
				CLANG_WARN_INT_CONVERSION = YES;
				CLANG_WARN_NON_LITERAL_NULL_CONVERSION = YES;
				CLANG_WARN_OBJC_LITERAL_CONVERSION = YES;
				CLANG_WARN_OBJC_ROOT_CLASS = YES_ERROR;
				CLANG_WARN_RANGE_LOOP_ANALYSIS = YES;
				CLANG_WARN_STRICT_PROTOTYPES = YES;
				CLANG_WARN_SUSPICIOUS_MOVE = YES;
				CLANG_WARN_UNGUARDED_AVAILABILITY = YES_AGGRESSIVE;
				CLANG_WARN_UNREACHABLE_CODE = YES;
				CLANG_WARN__DUPLICATE_METHOD_MATCH = YES;
				CODE_SIGN_IDENTITY = "iPhone Developer";
				COPY_PHASE_STRIP = NO;
				DEBUG_INFORMATION_FORMAT = "dwarf-with-dsym";
				ENABLE_NS_ASSERTIONS = NO;
				ENABLE_STRICT_OBJC_MSGSEND = YES;
				GCC_C_LANGUAGE_STANDARD = gnu11;
				GCC_NO_COMMON_BLOCKS = YES;
				GCC_WARN_64_TO_32_BIT_CONVERSION = YES;
				GCC_WARN_ABOUT_RETURN_TYPE = YES_ERROR;
				GCC_WARN_UNDECLARED_SELECTOR = YES;
				GCC_WARN_UNINITIALIZED_AUTOS = YES_AGGRESSIVE;
				GCC_WARN_UNUSED_FUNCTION = YES;
				GCC_WARN_UNUSED_VARIABLE = YES;
				IPHONEOS_DEPLOYMENT_TARGET = 11.2;
				MTL_ENABLE_DEBUG_INFO = NO;
				SDKROOT = iphoneos;
				SWIFT_OPTIMIZATION_LEVEL = "-Owholemodule";
				VALIDATE_PRODUCT = YES;
			};
			name = Release;
		};
		2A384A901FF2122E00879874 /* Debug */ = {
			isa = XCBuildConfiguration;
			baseConfigurationReference = 8FBA8C15BB0FBA9EB7D291D7 /* Pods-Instagram.debug.xcconfig */;
			buildSettings = {
				ASSETCATALOG_COMPILER_APPICON_NAME = AppIcon;
				CODE_SIGN_STYLE = Automatic;
				DEVELOPMENT_TEAM = FMUBP4N3CJ;
				INFOPLIST_FILE = Instagram/Info.plist;
				LD_RUNPATH_SEARCH_PATHS = "$(inherited) @executable_path/Frameworks";
				PRODUCT_BUNDLE_IDENTIFIER = jp.techacademy.ryoutarou.akou.Instagram;
				PRODUCT_NAME = "$(TARGET_NAME)";
				SWIFT_VERSION = 4.0;
				TARGETED_DEVICE_FAMILY = 1;
			};
			name = Debug;
		};
		2A384A911FF2122E00879874 /* Release */ = {
			isa = XCBuildConfiguration;
			baseConfigurationReference = 8DAA4F70E6F9DE2ECCA949E3 /* Pods-Instagram.release.xcconfig */;
			buildSettings = {
				ASSETCATALOG_COMPILER_APPICON_NAME = AppIcon;
				CODE_SIGN_STYLE = Automatic;
				DEVELOPMENT_TEAM = FMUBP4N3CJ;
				INFOPLIST_FILE = Instagram/Info.plist;
				LD_RUNPATH_SEARCH_PATHS = "$(inherited) @executable_path/Frameworks";
				PRODUCT_BUNDLE_IDENTIFIER = jp.techacademy.ryoutarou.akou.Instagram;
				PRODUCT_NAME = "$(TARGET_NAME)";
				SWIFT_VERSION = 4.0;
				TARGETED_DEVICE_FAMILY = 1;
			};
			name = Release;
		};
/* End XCBuildConfiguration section */

/* Begin XCConfigurationList section */
		2A384A781FF2122E00879874 /* Build configuration list for PBXProject "Instagram" */ = {
			isa = XCConfigurationList;
			buildConfigurations = (
				2A384A8D1FF2122E00879874 /* Debug */,
				2A384A8E1FF2122E00879874 /* Release */,
			);
			defaultConfigurationIsVisible = 0;
			defaultConfigurationName = Release;
		};
		2A384A8F1FF2122E00879874 /* Build configuration list for PBXNativeTarget "Instagram" */ = {
			isa = XCConfigurationList;
			buildConfigurations = (
				2A384A901FF2122E00879874 /* Debug */,
				2A384A911FF2122E00879874 /* Release */,
			);
			defaultConfigurationIsVisible = 0;
			defaultConfigurationName = Release;
		};
/* End XCConfigurationList section */
	};
	rootObject = 2A384A751FF2122E00879874 /* Project object */;
}
